
Microsoft Visual Studio Solution File, Format Version 12.00
# Visual Studio 15
VisualStudioVersion = 15.0.28307.2092
MinimumVisualStudioVersion = 10.0.40219.1
Project("{159641D6-6404-4A2A-AE62-294DE0FE8301}") = "SSIS CapStone Project", "SSIS CapStone Project\SSIS CapStone Project.dtproj", "{B7DA3B30-23CA-4192-B60A-D0C07AA241A1}"
EndProject
Global
	GlobalSection(SolutionConfigurationPlatforms) = preSolution
		Development|Default = Development|Default
	EndGlobalSection
	GlobalSection(ProjectConfigurationPlatforms) = postSolution
		{B7DA3B30-23CA-4192-B60A-D0C07AA241A1}.Development|Default.ActiveCfg = Development
		{B7DA3B30-23CA-4192-B60A-D0C07AA241A1}.Development|Default.Build.0 = Development
	EndGlobalSection
	GlobalSection(SolutionProperties) = preSolution
		HideSolutionNode = FALSE
	EndGlobalSection
	GlobalSection(ExtensibilityGlobals) = postSolution
		SolutionGuid = {BD12BCF2-A403-4B6A-B798-0524125A4EBE}
	EndGlobalSection
EndGlobal
